// !$*UTF8*$!
{
	archiveVersion = 1;
	classes = {
	};
	objectVersion = 46;
	objects = {

/* Begin PBXBuildFile section */
		B7342BA01CFD3FF000231A03 /* main.m in Sources */ = {isa = PBXBuildFile; fileRef = B7342B9F1CFD3FF000231A03 /* main.m */; };
		B7342BA31CFD3FF000231A03 /* AppDelegate.m in Sources */ = {isa = PBXBuildFile; fileRef = B7342BA21CFD3FF000231A03 /* AppDelegate.m */; };
		B7342BA61CFD3FF000231A03 /* ViewController.m in Sources */ = {isa = PBXBuildFile; fileRef = B7342BA51CFD3FF000231A03 /* ViewController.m */; };
		B7342BA91CFD3FF000231A03 /* Main.storyboard in Resources */ = {isa = PBXBuildFile; fileRef = B7342BA71CFD3FF000231A03 /* Main.storyboard */; };
		B7342BAB1CFD3FF000231A03 /* Assets.xcassets in Resources */ = {isa = PBXBuildFile; fileRef = B7342BAA1CFD3FF000231A03 /* Assets.xcassets */; };
		B7342BAE1CFD3FF000231A03 /* LaunchScreen.storyboard in Resources */ = {isa = PBXBuildFile; fileRef = B7342BAC1CFD3FF000231A03 /* LaunchScreen.storyboard */; };
		B7342BB71CFD418500231A03 /* UIFont+FontFamily.m in Sources */ = {isa = PBXBuildFile; fileRef = B7342BB61CFD418500231A03 /* UIFont+FontFamily.m */; };
/* End PBXBuildFile section */

/* Begin PBXFileReference section */
		B7342B9B1CFD3FF000231A03 /* UIFont.app */ = {isa = PBXFileReference; explicitFileType = wrapper.application; includeInIndex = 0; path = UIFont.app; sourceTree = BUILT_PRODUCTS_DIR; };
		B7342B9F1CFD3FF000231A03 /* main.m */ = {isa = PBXFileReference; lastKnownFileType = sourcecode.c.objc; path = main.m; sourceTree = "<group>"; };
		B7342BA11CFD3FF000231A03 /* AppDelegate.h */ = {isa = PBXFileReference; lastKnownFileType = sourcecode.c.h; path = AppDelegate.h; sourceTree = "<group>"; };
		B7342BA21CFD3FF000231A03 /* AppDelegate.m */ = {isa = PBXFileReference; lastKnownFileType = sourcecode.c.objc; path = AppDelegate.m; sourceTree = "<group>"; };
		B7342BA41CFD3FF000231A03 /* ViewController.h */ = {isa = PBXFileReference; lastKnownFileType = sourcecode.c.h; path = ViewController.h; sourceTree = "<group>"; };
		B7342BA51CFD3FF000231A03 /* ViewController.m */ = {isa = PBXFileReference; lastKnownFileType = sourcecode.c.objc; path = ViewController.m; sourceTree = "<group>"; };
		B7342BA81CFD3FF000231A03 /* Base */ = {isa = PBXFileReference; lastKnownFileType = file.storyboard; name = Base; path = Base.lproj/Main.storyboard; sourceTree = "<group>"; };
		B7342BAA1CFD3FF000231A03 /* Assets.xcassets */ = {isa = PBXFileReference; lastKnownFileType = folder.assetcatalog; path = Assets.xcassets; sourceTree = "<group>"; };
		B7342BAD1CFD3FF000231A03 /* Base */ = {isa = PBXFileReference; lastKnownFileType = file.storyboard; name = Base; path = Base.lproj/LaunchScreen.storyboard; sourceTree = "<group>"; };
		B7342BAF1CFD3FF000231A03 /* Info.plist */ = {isa = PBXFileReference; lastKnownFileType = text.plist.xml; path = Info.plist; sourceTree = "<group>"; };
		B7342BB51CFD418500231A03 /* UIFont+FontFamily.h */ = {isa = PBXFileReference; fileEncoding = 4; lastKnownFileType = sourcecode.c.h; path = "UIFont+FontFamily.h"; sourceTree = "<group>"; };
		B7342BB61CFD418500231A03 /* UIFont+FontFamily.m */ = {isa = PBXFileReference; fileEncoding = 4; lastKnownFileType = sourcecode.c.objc; path = "UIFont+FontFamily.m"; sourceTree = "<group>"; };
/* End PBXFileReference section */

/* Begin PBXFrameworksBuildPhase section */
		B7342B981CFD3FF000231A03 /* Frameworks */ = {
			isa = PBXFrameworksBuildPhase;
			buildActionMask = 2147483647;
			files = (
			);
			runOnlyForDeploymentPostprocessing = 0;
		};
/* End PBXFrameworksBuildPhase section */

/* Begin PBXGroup section */
		B7342B921CFD3FF000231A03 = {
			isa = PBXGroup;
			children = (
				B7342B9D1CFD3FF000231A03 /* UIFont */,
				B7342B9C1CFD3FF000231A03 /* Products */,
			);
			sourceTree = "<group>";
		};
		B7342B9C1CFD3FF000231A03 /* Products */ = {
			isa = PBXGroup;
			children = (
				B7342B9B1CFD3FF000231A03 /* UIFont.app */,
			);
			name = Products;
			sourceTree = "<group>";
		};
		B7342B9D1CFD3FF000231A03 /* UIFont */ = {
			isa = PBXGroup;
			children = (
				B7342BA11CFD3FF000231A03 /* AppDelegate.h */,
				B7342BA21CFD3FF000231A03 /* AppDelegate.m */,
				B7342BA41CFD3FF000231A03 /* ViewController.h */,
				B7342BA51CFD3FF000231A03 /* ViewController.m */,
				B7342BA71CFD3FF000231A03 /* Main.storyboard */,
				B7342BAA1CFD3FF000231A03 /* Assets.xcassets */,
				B7342BAC1CFD3FF000231A03 /* LaunchScreen.storyboard */,
				B7342BAF1CFD3FF000231A03 /* Info.plist */,
				B7342B9E1CFD3FF000231A03 /* Supporting Files */,
				B7342BB51CFD418500231A03 /* UIFont+FontFamily.h */,
				B7342BB61CFD418500231A03 /* UIFont+FontFamily.m */,
			);
			path = UIFont;
			sourceTree = "<group>";
		};
		B7342B9E1CFD3FF000231A03 /* Supporting Files */ = {
			isa = PBXGroup;
			children = (
				B7342B9F1CFD3FF000231A03 /* main.m */,
			);
			name = "Supporting Files";
			sourceTree = "<group>";
		};
/* End PBXGroup section */

/* Begin PBXNativeTarget section */
		B7342B9A1CFD3FF000231A03 /* UIFont */ = {
			isa = PBXNativeTarget;
			buildConfigurationList = B7342BB21CFD3FF000231A03 /* Build configuration list for PBXNativeTarget "UIFont" */;
			buildPhases = (
				B7342B971CFD3FF000231A03 /* Sources */,
				B7342B981CFD3FF000231A03 /* Frameworks */,
				B7342B991CFD3FF000231A03 /* Resources */,
			);
			buildRules = (
			);
			dependencies = (
			);
			name = UIFont;
			productName = UIFont;
			productReference = B7342B9B1CFD3FF000231A03 /* UIFont.app */;
			productType = "com.apple.product-type.application";
		};
/* End PBXNativeTarget section */

/* Begin PBXProject section */
		B7342B931CFD3FF000231A03 /* Project object */ = {
			isa = PBXProject;
			attributes = {
				LastUpgradeCheck = 0730;
				ORGANIZATIONNAME = Leon;
				TargetAttributes = {
					B7342B9A1CFD3FF000231A03 = {
						CreatedOnToolsVersion = 7.3.1;
						DevelopmentTeam = 3PJE4J3T6A;
					};
				};
			};
			buildConfigurationList = B7342B961CFD3FF000231A03 /* Build configuration list for PBXProject "UIFont" */;
			compatibilityVersion = "Xcode 3.2";
			developmentRegion = English;
			hasScannedForEncodings = 0;
			knownRegions = (
				en,
				Base,
			);
			mainGroup = B7342B921CFD3FF000231A03;
			productRefGroup = B7342B9C1CFD3FF000231A03 /* Products */;
			projectDirPath = "";
			projectRoot = "";
			targets = (
				B7342B9A1CFD3FF000231A03 /* UIFont */,
			);
		};
/* End PBXProject section */

/* Begin PBXResourcesBuildPhase section */
		B7342B991CFD3FF000231A03 /* Resources */ = {
			isa = PBXResourcesBuildPhase;
			buildActionMask = 2147483647;
			files = (
				B7342BAE1CFD3FF000231A03 /* LaunchScreen.storyboard in Resources */,
				B7342BAB1CFD3FF000231A03 /* Assets.xcassets in Resources */,
				B7342BA91CFD3FF000231A03 /* Main.storyboard in Resources */,
			);
			runOnlyForDeploymentPostprocessing = 0;
		};
/* End PBXResourcesBuildPhase section */

/* Begin PBXSourcesBuildPhase section */
		B7342B971CFD3FF000231A03 /* Sources */ = {
			isa = PBXSourcesBuildPhase;
			buildActionMask = 2147483647;
			files = (
				B7342BA61CFD3FF000231A03 /* ViewController.m in Sources */,
				B7342BA31CFD3FF000231A03 /* AppDelegate.m in Sources */,
				B7342BA01CFD3FF000231A03 /* main.m in Sources */,
				B7342BB71CFD418500231A03 /* UIFont+FontFamily.m in Sources */,
			);
			runOnlyForDeploymentPostprocessing = 0;
		};
/* End PBXSourcesBuildPhase section */

/* Begin PBXVariantGroup section */
		B7342BA71CFD3FF000231A03 /* Main.storyboard */ = {
			isa = PBXVariantGroup;
			children = (
				B7342BA81CFD3FF000231A03 /* Base */,
			);
			name = Main.storyboard;
			sourceTree = "<group>";
		};
		B7342BAC1CFD3FF000231A03 /* LaunchScreen.storyboard */ = {
			isa = PBXVariantGroup;
			children = (
				B7342BAD1CFD3FF000231A03 /* Base */,
			);
			name = LaunchScreen.storyboard;
			sourceTree = "<group>";
		};
/* End PBXVariantGroup section */

/* Begin XCBuildConfiguration section */
		B7342BB01CFD3FF000231A03 /* Debug */ = {
			isa = XCBuildConfiguration;
			buildSettings = {
				ALWAYS_SEARCH_USER_PATHS = NO;
				CLANG_ANALYZER_NONNULL = YES;
				CLANG_CXX_LANGUAGE_STANDARD = "gnu++0x";
				CLANG_CXX_LIBRARY = "libc++";
				CLANG_ENABLE_MODULES = YES;
				CLANG_ENABLE_OBJC_ARC = YES;
				CLANG_WARN_BOOL_CONVERSION = YES;
				CLANG_WARN_CONSTANT_CONVERSION = YES;
				CLANG_WARN_DIRECT_OBJC_ISA_USAGE = YES_ERROR;
				CLANG_WARN_EMPTY_BODY = YES;
				CLANG_WARN_ENUM_CONVERSION = YES;
				CLANG_WARN_INT_CONVERSION = YES;
				CLANG_WARN_OBJC_ROOT_CLASS = YES_ERROR;
				CLANG_WARN_UNREACHABLE_CODE = YES;
				CLANG_WARN__DUPLICATE_METHOD_MATCH = YES;
				"CODE_SIGN_IDENTITY[sdk=iphoneos*]" = "iPhone Developer";
				COPY_PHASE_STRIP = NO;
				DEBUG_INFORMATION_FORMAT = dwarf;
				ENABLE_STRICT_OBJC_MSGSEND = YES;
				ENABLE_TESTABILITY = YES;
				GCC_C_LANGUAGE_STANDARD = gnu99;
				GCC_DYNAMIC_NO_PIC = NO;
				GCC_NO_COMMON_BLOCKS = YES;
				GCC_OPTIMIZATION_LEVEL = 0;
				GCC_PREPROCESSOR_DEFINITIONS = (
					"DEBUG=1",
					"$(inherited)",
				);
				GCC_WARN_64_TO_32_BIT_CONVERSION = YES;
				GCC_WARN_ABOUT_RETURN_TYPE = YES_ERROR;
				GCC_WARN_UNDECLARED_SELECTOR = YES;
				GCC_WARN_UNINITIALIZED_AUTOS = YES_AGGRESSIVE;
				GCC_WARN_UNUSED_FUNCTION = YES;
				GCC_WARN_UNUSED_VARIABLE = YES;
				IPHONEOS_DEPLOYMENT_TARGET = 9.3;
				MTL_ENABLE_DEBUG_INFO = YES;
				ONLY_ACTIVE_ARCH = YES;
				SDKROOT = iphoneos;
				TARGETED_DEVICE_FAMILY = "1,2";
			};
			name = Debug;
		};
		B7342BB11CFD3FF000231A03 /* Release */ = {
			isa = XCBuildConfiguration;
			buildSettings = {
				ALWAYS_SEARCH_USER_PATHS = NO;
				CLANG_ANALYZER_NONNULL = YES;
				CLANG_CXX_LANGUAGE_STANDARD = "gnu++0x";
				CLANG_CXX_LIBRARY = "libc++";
				CLANG_ENABLE_MODULES = YES;
				CLANG_ENABLE_OBJC_ARC = YES;
				CLANG_WARN_BOOL_CONVERSION = YES;
				CLANG_WARN_CONSTANT_CONVERSION = YES;
				CLANG_WARN_DIRECT_OBJC_ISA_USAGE = YES_ERROR;
				CLANG_WARN_EMPTY_BODY = YES;
				CLANG_WARN_ENUM_CONVERSION = YES;
				CLANG_WARN_INT_CONVERSION = YES;
				CLANG_WARN_OBJC_ROOT_CLASS = YES_ERROR;
				CLANG_WARN_UNREACHABLE_CODE = YES;
				CLANG_WARN__DUPLICATE_METHOD_MATCH = YES;
				"CODE_SIGN_IDENTITY[sdk=iphoneos*]" = "iPhone Developer";
				COPY_PHASE_STRIP = NO;
				DEBUG_INFORMATION_FORMAT = "dwarf-with-dsym";
				ENABLE_NS_ASSERTIONS = NO;
				ENABLE_STRICT_OBJC_MSGSEND = YES;
				GCC_C_LANGUAGE_STANDARD = gnu99;
				GCC_NO_COMMON_BLOCKS = YES;
				GCC_WARN_64_TO_32_BIT_CONVERSION = YES;
				GCC_WARN_ABOUT_RETURN_TYPE = YES_ERROR;
				GCC_WARN_UNDECLARED_SELECTOR = YES;
				GCC_WARN_UNINITIALIZED_AUTOS = YES_AGGRESSIVE;
				GCC_WARN_UNUSED_FUNCTION = YES;
				GCC_WARN_UNUSED_VARIABLE = YES;
				IPHONEOS_DEPLOYMENT_TARGET = 9.3;
				MTL_ENABLE_DEBUG_INFO = NO;
				SDKROOT = iphoneos;
				TARGETED_DEVICE_FAMILY = "1,2";
				VALIDATE_PRODUCT = YES;
			};
			name = Release;
		};
		B7342BB31CFD3FF000231A03 /* Debug */ = {
			isa = XCBuildConfiguration;
			buildSettings = {
				ASSETCATALOG_COMPILER_APPICON_NAME = AppIcon;
				CODE_SIGN_IDENTITY = "iPhone Developer";
				INFOPLIST_FILE = UIFont/Info.plist;
				IPHONEOS_DEPLOYMENT_TARGET = 9.0;
				LD_RUNPATH_SEARCH_PATHS = "$(inherited) @executable_path/Frameworks";
				PRODUCT_BUNDLE_IDENTIFIER = com.leon.UIFont;
				PRODUCT_NAME = "$(TARGET_NAME)";
			};
			name = Debug;
		};
		B7342BB41CFD3FF000231A03 /* Release */ = {
			isa = XCBuildConfiguration;
			buildSettings = {
				ASSETCATALOG_COMPILER_APPICON_NAME = AppIcon;
				CODE_SIGN_IDENTITY = "iPhone Developer";
				INFOPLIST_FILE = UIFont/Info.plist;
				IPHONEOS_DEPLOYMENT_TARGET = 9.0;
				LD_RUNPATH_SEARCH_PATHS = "$(inherited) @executable_path/Frameworks";
				PRODUCT_BUNDLE_IDENTIFIER = com.leon.UIFont;
				PRODUCT_NAME = "$(TARGET_NAME)";
			};
			name = Release;
		};
/* End XCBuildConfiguration section */

/* Begin XCConfigurationList section */
		B7342B961CFD3FF000231A03 /* Build configuration list for PBXProject "UIFont" */ = {
			isa = XCConfigurationList;
			buildConfigurations = (
				B7342BB01CFD3FF000231A03 /* Debug */,
				B7342BB11CFD3FF000231A03 /* Release */,
			);
			defaultConfigurationIsVisible = 0;
			defaultConfigurationName = Release;
		};
		B7342BB21CFD3FF000231A03 /* Build configuration list for PBXNativeTarget "UIFont" */ = {
			isa = XCConfigurationList;
			buildConfigurations = (
				B7342BB31CFD3FF000231A03 /* Debug */,
				B7342BB41CFD3FF000231A03 /* Release */,
			);
			defaultConfigurationIsVisible = 0;
		};
/* End XCConfigurationList section */
	};
	rootObject = B7342B931CFD3FF000231A03 /* Project object */;
}
